
Microsoft Visual Studio Solution File, Format Version 12.00
# Visual Studio Version 17
VisualStudioVersion = 17.14.36511.14 d17.14
MinimumVisualStudioVersion = 10.0.40219.1
Project("{FAE04EC0-301F-11D3-BF4B-00C04F79EFBC}") = "NepessegCLI", "NepessegCLI\NepessegCLI.csproj", "{DFBFA0F6-F92F-47A5-A631-5B1787F7524B}"
EndProject
Project("{FAE04EC0-301F-11D3-BF4B-00C04F79EFBC}") = "NepessegGUI", "NepessegGUI\NepessegGUI.csproj", "{6643AE0B-885E-449A-916E-75F406C06928}"
EndProject
Global
	GlobalSection(SolutionConfigurationPlatforms) = preSolution
		Debug|Any CPU = Debug|Any CPU
		Release|Any CPU = Release|Any CPU
	EndGlobalSection
	GlobalSection(ProjectConfigurationPlatforms) = postSolution
		{DFBFA0F6-F92F-47A5-A631-5B1787F7524B}.Debug|Any CPU.ActiveCfg = Debug|Any CPU
		{DFBFA0F6-F92F-47A5-A631-5B1787F7524B}.Debug|Any CPU.Build.0 = Debug|Any CPU
		{DFBFA0F6-F92F-47A5-A631-5B1787F7524B}.Release|Any CPU.ActiveCfg = Release|Any CPU
		{DFBFA0F6-F92F-47A5-A631-5B1787F7524B}.Release|Any CPU.Build.0 = Release|Any CPU
		{6643AE0B-885E-449A-916E-75F406C06928}.Debug|Any CPU.ActiveCfg = Debug|Any CPU
		{6643AE0B-885E-449A-916E-75F406C06928}.Debug|Any CPU.Build.0 = Debug|Any CPU
		{6643AE0B-885E-449A-916E-75F406C06928}.Release|Any CPU.ActiveCfg = Release|Any CPU
		{6643AE0B-885E-449A-916E-75F406C06928}.Release|Any CPU.Build.0 = Release|Any CPU
	EndGlobalSection
	GlobalSection(SolutionProperties) = preSolution
		HideSolutionNode = FALSE
	EndGlobalSection
	GlobalSection(ExtensibilityGlobals) = postSolution
		SolutionGuid = {2051710D-73A1-4CE5-96BD-64D60F821CE8}
	EndGlobalSection
EndGlobal
